
Microsoft Visual Studio Solution File, Format Version 12.00
# Visual Studio 15
VisualStudioVersion = 15.0.27004.2005
MinimumVisualStudioVersion = 10.0.40219.1
Project("{FAE04EC0-301F-11D3-BF4B-00C04F79EFBC}") = "KPClient", "KPClient\KPClient.csproj", "{729DD943-6FCB-464C-B8A1-62EEC98118D6}"
EndProject
Project("{FAE04EC0-301F-11D3-BF4B-00C04F79EFBC}") = "KPTrustedParty", "KPTrustedParty\KPTrustedParty.csproj", "{98A325C9-DEF2-4465-AA55-068A7E04180A}"
EndProject
Project("{FAE04EC0-301F-11D3-BF4B-00C04F79EFBC}") = "KPServices", "KPService\KPServices.csproj", "{6CADB9B7-EAF3-42CB-9C84-1B311F313CCE}"
EndProject
Project("{FAE04EC0-301F-11D3-BF4B-00C04F79EFBC}") = "Tests", "Tests\Tests.csproj", "{F98C0EC8-F3A1-4260-BF11-581AC6895918}"
EndProject
Global
	GlobalSection(SolutionConfigurationPlatforms) = preSolution
		Debug|Any CPU = Debug|Any CPU
		Release|Any CPU = Release|Any CPU
	EndGlobalSection
	GlobalSection(ProjectConfigurationPlatforms) = postSolution
		{729DD943-6FCB-464C-B8A1-62EEC98118D6}.Debug|Any CPU.ActiveCfg = Debug|Any CPU
		{729DD943-6FCB-464C-B8A1-62EEC98118D6}.Debug|Any CPU.Build.0 = Debug|Any CPU
		{729DD943-6FCB-464C-B8A1-62EEC98118D6}.Release|Any CPU.ActiveCfg = Release|Any CPU
		{729DD943-6FCB-464C-B8A1-62EEC98118D6}.Release|Any CPU.Build.0 = Release|Any CPU
		{98A325C9-DEF2-4465-AA55-068A7E04180A}.Debug|Any CPU.ActiveCfg = Debug|Any CPU
		{98A325C9-DEF2-4465-AA55-068A7E04180A}.Debug|Any CPU.Build.0 = Debug|Any CPU
		{98A325C9-DEF2-4465-AA55-068A7E04180A}.Release|Any CPU.ActiveCfg = Release|Any CPU
		{98A325C9-DEF2-4465-AA55-068A7E04180A}.Release|Any CPU.Build.0 = Release|Any CPU
		{6CADB9B7-EAF3-42CB-9C84-1B311F313CCE}.Debug|Any CPU.ActiveCfg = Debug|Any CPU
		{6CADB9B7-EAF3-42CB-9C84-1B311F313CCE}.Debug|Any CPU.Build.0 = Debug|Any CPU
		{6CADB9B7-EAF3-42CB-9C84-1B311F313CCE}.Release|Any CPU.ActiveCfg = Release|Any CPU
		{6CADB9B7-EAF3-42CB-9C84-1B311F313CCE}.Release|Any CPU.Build.0 = Release|Any CPU
		{F98C0EC8-F3A1-4260-BF11-581AC6895918}.Debug|Any CPU.ActiveCfg = Debug|Any CPU
		{F98C0EC8-F3A1-4260-BF11-581AC6895918}.Debug|Any CPU.Build.0 = Debug|Any CPU
		{F98C0EC8-F3A1-4260-BF11-581AC6895918}.Release|Any CPU.ActiveCfg = Release|Any CPU
		{F98C0EC8-F3A1-4260-BF11-581AC6895918}.Release|Any CPU.Build.0 = Release|Any CPU
	EndGlobalSection
	GlobalSection(SolutionProperties) = preSolution
		HideSolutionNode = FALSE
	EndGlobalSection
	GlobalSection(ExtensibilityGlobals) = postSolution
		SolutionGuid = {2045E62E-35DE-41DF-AB65-5CB28D44B917}
	EndGlobalSection
EndGlobal
